
Microsoft Visual Studio Solution File, Format Version 12.00
# Visual Studio Version 16
VisualStudioVersion = 16.0.32602.291
MinimumVisualStudioVersion = 10.0.40219.1
Project("{FAE04EC0-301F-11D3-BF4B-00C04F79EFBC}") = "WebApplication", "WebApplication\WebApplication.csproj", "{2C2710AB-9D57-4F60-9016-29B06E406E7B}"
EndProject
Global
	GlobalSection(SolutionConfigurationPlatforms) = preSolution
		Debug|Any CPU = Debug|Any CPU
		Release|Any CPU = Release|Any CPU
	EndGlobalSection
	GlobalSection(ProjectConfigurationPlatforms) = postSolution
		{2C2710AB-9D57-4F60-9016-29B06E406E7B}.Debug|Any CPU.ActiveCfg = Debug|Any CPU
		{2C2710AB-9D57-4F60-9016-29B06E406E7B}.Debug|Any CPU.Build.0 = Debug|Any CPU
		{2C2710AB-9D57-4F60-9016-29B06E406E7B}.Release|Any CPU.ActiveCfg = Release|Any CPU
		{2C2710AB-9D57-4F60-9016-29B06E406E7B}.Release|Any CPU.Build.0 = Release|Any CPU
	EndGlobalSection
	GlobalSection(SolutionProperties) = preSolution
		HideSolutionNode = FALSE
	EndGlobalSection
	GlobalSection(ExtensibilityGlobals) = postSolution
		SolutionGuid = {1512D741-6E79-44C7-A2DC-BBB3FA780FF2}
	EndGlobalSection
EndGlobal
